
Microsoft Visual Studio Solution File, Format Version 12.00
# Visual Studio Version 17
VisualStudioVersion = 17.5.33516.290
MinimumVisualStudioVersion = 10.0.40219.1
Project("{FAE04EC0-301F-11D3-BF4B-00C04F79EFBC}") = "DapperMigrations", "DapperMigrations\DapperMigrations.csproj", "{3D820BD5-C980-4D93-B163-5C4810E80BF5}"
EndProject
Global
	GlobalSection(SolutionConfigurationPlatforms) = preSolution
		Debug|Any CPU = Debug|Any CPU
		Release|Any CPU = Release|Any CPU
	EndGlobalSection
	GlobalSection(ProjectConfigurationPlatforms) = postSolution
		{3D820BD5-C980-4D93-B163-5C4810E80BF5}.Debug|Any CPU.ActiveCfg = Debug|Any CPU
		{3D820BD5-C980-4D93-B163-5C4810E80BF5}.Debug|Any CPU.Build.0 = Debug|Any CPU
		{3D820BD5-C980-4D93-B163-5C4810E80BF5}.Release|Any CPU.ActiveCfg = Release|Any CPU
		{3D820BD5-C980-4D93-B163-5C4810E80BF5}.Release|Any CPU.Build.0 = Release|Any CPU
	EndGlobalSection
	GlobalSection(SolutionProperties) = preSolution
		HideSolutionNode = FALSE
	EndGlobalSection
	GlobalSection(ExtensibilityGlobals) = postSolution
		SolutionGuid = {4680C246-465E-4CE8-A180-662B6E6E9DF0}
	EndGlobalSection
EndGlobal
